{
  "nodes": {
    "firefox-addons": {
      "inputs": {
        "flake-utils": "flake-utils",
        "nixpkgs": [
          "nixpkgs"
        ]
      },
      "locked": {
        "dir": "pkgs/firefox-addons",
        "lastModified": 1714043889,
        "narHash": "sha256-f7aben2pbfL/CzphiAAwwe5CrmSYRZv3UF7zaGkD+Pc=",
        "owner": "rycee",
        "repo": "nur-expressions",
        "rev": "fee36e584de8c0034f311b76b5da1b81dad0b17b",
        "type": "gitlab"
      },
      "original": {
        "dir": "pkgs/firefox-addons",
        "owner": "rycee",
        "repo": "nur-expressions",
        "type": "gitlab"
      }
    },
    "flake-utils": {
      "locked": {
        "lastModified": 1629284811,
        "narHash": "sha256-JHgasjPR0/J1J3DRm4KxM4zTyAj4IOJY8vIl75v/kPI=",
        "owner": "numtide",
        "repo": "flake-utils",
        "rev": "c5d161cc0af116a2e17f54316f0bf43f0819785c",
        "type": "github"
      },
      "original": {
        "owner": "numtide",
        "repo": "flake-utils",
        "type": "github"
      }
    },
    "home-manager": {
      "inputs": {
        "nixpkgs": [
          "nixpkgs"
        ]
      },
      "locked": {
        "lastModified": 1713732794,
        "narHash": "sha256-AYCofb8Zu4Mbc1lHDtju/uxeARawRijmOueAqEMEfMU=",
        "owner": "nix-community",
        "repo": "home-manager",
        "rev": "670d9ecc3e46a6e3265c203c2d136031a3d3548e",
        "type": "github"
      },
      "original": {
        "owner": "nix-community",
        "repo": "home-manager",
        "type": "github"
      }
    },
    "nixpkgs": {
      "locked": {
        "lastModified": 1713537308,
        "narHash": "sha256-XtTSSIB2DA6tOv+l0FhvfDMiyCmhoRbNB+0SeInZkbk=",
        "owner": "nixos",
        "repo": "nixpkgs",
        "rev": "5c24cf2f0a12ad855f444c30b2421d044120c66f",
        "type": "github"
      },
      "original": {
        "owner": "nixos",
        "ref": "nixos-unstable",
        "repo": "nixpkgs",
        "type": "github"
      }
    },
    "nixpkgs-master": {
      "locked": {
        "lastModified": 1713736746,
        "narHash": "sha256-tOr+bMbjDUplc8JC2ZyKBMiIRvDX3HX2cOf0w/O22bM=",
        "owner": "nixos",
        "repo": "nixpkgs",
        "rev": "4b636b6e6a9c127ef2fdbee76f33a5ada4ce206b",
        "type": "github"
      },
      "original": {
        "owner": "nixos",
        "ref": "master",
        "repo": "nixpkgs",
        "type": "github"
      }
    },
    "root": {
      "inputs": {
        "firefox-addons": "firefox-addons",
        "home-manager": "home-manager",
        "nixpkgs": "nixpkgs",
        "nixpkgs-master": "nixpkgs-master"
      }
    }
  },
  "root": "root",
  "version": 7
}
